# THIS IS AN AUTOGENERATED FILE. DO NOT EDIT THIS FILE DIRECTLY.
# yarn lockfile v1


"@types/bluebird-global@^3.5.13":
  version "3.5.13"
  resolved "https://registry.npmjs.org/@types/bluebird-global/-/bluebird-global-3.5.13.tgz#8fee8f1075501e9b8bb56fc0539753c38ecdc8df"
  integrity sha512-jmq47VdRYy8KPjXDlJ6zO5Ie+l5j0X2fGdSbfCS3mGdM93MTy50dh/EfltIv/QD15hCYTY+0lm/C0Bou1tPYnQ==
  dependencies:
    "@types/bluebird" "*"

"@types/bluebird@*":
  version "3.5.36"
  resolved "https://registry.npmjs.org/@types/bluebird/-/bluebird-3.5.36.tgz#00d9301d4dc35c2f6465a8aec634bb533674c652"
  integrity sha512-HBNx4lhkxN7bx6P0++W8E289foSu8kO8GCk2unhuVggO+cE7rh9DhZUyPhUxNRG9m+5B5BTKxZQ5ZP92x/mx9Q==

"@types/node@^16.9.1":
  version "16.9.1"
  resolved "https://registry.npmjs.org/@types/node/-/node-16.9.1.tgz#0611b37db4246c937feef529ddcc018cf8e35708"
  integrity sha512-QpLcX9ZSsq3YYUUnD3nFDY8H7wctAhQj/TFKL8Ya8v5fMm3CFXxo8zStsLAl780ltoYoo1WvKUVGBQK+1ifr7g==

"@vercel/ncc@^0.31.0":
  version "0.31.0"
  resolved "https://registry.npmjs.org/@vercel/ncc/-/ncc-0.31.0.tgz#5035b80b49406d8b1d5922a0ba57fbbab03d0ea4"
  integrity sha512-vpioWEFk00Sk5CgJj39LFAjqXcM0PLcaSqaEDeZZUKfHEKYmHL5tOns7Xd21/o4SKzRi+XE0qhEv9wWwkfmNaA==

bluebird-global@^1.0.1:
  version "1.0.1"
  resolved "https://registry.npmjs.org/bluebird-global/-/bluebird-global-1.0.1.tgz#147c174f4e3a19740e80d992ea70ec3dc51d0d95"
  integrity sha512-llTREi0V3EUM150DKdMLlXN/X2QsQ/hWJDiaGnivqeDwE32I0dmivYLU9/VvhotTzvvbv7OiM6zjVXYJ2dCmKQ==

bluebird@^3.7.2:
  version "3.7.2"
  resolved "https://registry.npmjs.org/bluebird/-/bluebird-3.7.2.tgz#9f229c15be272454ffa973ace0dbee79a1b0c36f"
  integrity sha512-XpNj6GDQzdfW+r2Wnn7xiSAd7TM3jzkxGXBGTtWKuSXv1xUV+azxAm8jdWZN06QTQk+2N2XB9jRDkvbmQmcRtg==

typescript@^4.4.2:
  version "4.4.2"
  resolved "https://registry.npmjs.org/typescript/-/typescript-4.4.2.tgz#6d618640d430e3569a1dfb44f7d7e600ced3ee86"
  integrity sha512-gzP+t5W4hdy4c+68bfcv0t400HVJMMd2+H9B7gae1nQlBzCqvrXX+6GL/b3GAgyTH966pzrZ70/fRjwAtZksSQ==
