# THIS IS AN AUTOGENERATED FILE. DO NOT EDIT THIS FILE DIRECTLY.
# yarn lockfile v1


"@types/node@^16.9.1":
  version "16.9.1"
  resolved "https://registry.npmjs.org/@types/node/-/node-16.9.1.tgz#0611b37db4246c937feef529ddcc018cf8e35708"
  integrity sha512-QpLcX9ZSsq3YYUUnD3nFDY8H7wctAhQj/TFKL8Ya8v5fMm3CFXxo8zStsLAl780ltoYoo1WvKUVGBQK+1ifr7g==

bluebird-global@^1.0.1:
  version "1.0.1"
  resolved "https://registry.npmjs.org/bluebird-global/-/bluebird-global-1.0.1.tgz#147c174f4e3a19740e80d992ea70ec3dc51d0d95"
  integrity sha512-llTREi0V3EUM150DKdMLlXN/X2QsQ/hWJDiaGnivqeDwE32I0dmivYLU9/VvhotTzvvbv7OiM6zjVXYJ2dCmKQ==

bluebird@^3.7.2:
  version "3.7.2"
  resolved "https://registry.npmjs.org/bluebird/-/bluebird-3.7.2.tgz#9f229c15be272454ffa973ace0dbee79a1b0c36f"
  integrity sha512-XpNj6GDQzdfW+r2Wnn7xiSAd7TM3jzkxGXBGTtWKuSXv1xUV+azxAm8jdWZN06QTQk+2N2XB9jRDkvbmQmcRtg==
